
Microsoft Visual Studio Solution File, Format Version 12.00
# Visual Studio Version 16
VisualStudioVersion = 16.0.31727.386
MinimumVisualStudioVersion = 10.0.40219.1
Project("{FAE04EC0-301F-11D3-BF4B-00C04F79EFBC}") = "CookieCalories", "CookieCalories.csproj", "{3676C43D-9993-4466-99CF-C8C52D295D22}"
EndProject
Global
	GlobalSection(SolutionConfigurationPlatforms) = preSolution
		Debug|Any CPU = Debug|Any CPU
		Release|Any CPU = Release|Any CPU
	EndGlobalSection
	GlobalSection(ProjectConfigurationPlatforms) = postSolution
		{3676C43D-9993-4466-99CF-C8C52D295D22}.Debug|Any CPU.ActiveCfg = Debug|Any CPU
		{3676C43D-9993-4466-99CF-C8C52D295D22}.Debug|Any CPU.Build.0 = Debug|Any CPU
		{3676C43D-9993-4466-99CF-C8C52D295D22}.Release|Any CPU.ActiveCfg = Release|Any CPU
		{3676C43D-9993-4466-99CF-C8C52D295D22}.Release|Any CPU.Build.0 = Release|Any CPU
	EndGlobalSection
	GlobalSection(SolutionProperties) = preSolution
		HideSolutionNode = FALSE
	EndGlobalSection
	GlobalSection(ExtensibilityGlobals) = postSolution
		SolutionGuid = {5C1F0359-6392-4A45-9E27-3B30A10B5913}
	EndGlobalSection
EndGlobal
